dependencies:
  espressif/esp-nn:
    component_hash: 3b3411b0e4ad1717a72870fde9f9b67cef6f3f97491cc64fcfc1910a8fd8a246
    dependencies:
    - name: idf
      require: private
      version: '>=5.1'
    source:
      registry_url: https://components.espressif.com
      type: service
    version: 1.4.1
  espressif/esp-tflite-micro:
    component_hash: bdb2625ed976d5b861177cdc295abc6738724f84f4c7c60fc58c721d2b30bed6
    dependencies:
    - name: espressif/esp-nn
      registry_url: https://components.espressif.com
      require: private
      version: '>=1.3.0'
    - name: idf
      require: private
      version: '>=5.1'
    source:
      registry_url: https://components.espressif.com/
      type: service
    version: 1.4.1
  idf:
    source:
      type: idf
    version: 5.5.0
direct_dependencies:
- espressif/esp-tflite-micro
manifest_hash: 92c35abc7b88a81bbe2f11501617e6175df23d1718953bd110a1601c270cb84d
target: esp32
version: 2.0.0
